// !$*UTF8*$!
{
	archiveVersion = 1;
	classes = {
	};
	objectVersion = 46;
	objects = {

/* Begin PBXBuildFile section */
		AF7F759E1DE8645F000DD926 /* AppDelegate.swift in Sources */ = {isa = PBXBuildFile; fileRef = AF7F759D1DE8645F000DD926 /* AppDelegate.swift */; };
		AF7F75A51DE8645F000DD926 /* Main.storyboard in Resources */ = {isa = PBXBuildFile; fileRef = AF7F75A31DE8645F000DD926 /* Main.storyboard */; };
		AF7F75A71DE8645F000DD926 /* Assets.xcassets in Resources */ = {isa = PBXBuildFile; fileRef = AF7F75A61DE8645F000DD926 /* Assets.xcassets */; };
		AF7F75AA1DE8645F000DD926 /* LaunchScreen.storyboard in Resources */ = {isa = PBXBuildFile; fileRef = AF7F75A81DE8645F000DD926 /* LaunchScreen.storyboard */; };
		AF7F75B51DE8645F000DD926 /* Make_RoutesTests.swift in Sources */ = {isa = PBXBuildFile; fileRef = AF7F75B41DE8645F000DD926 /* Make_RoutesTests.swift */; };
		AF7F75C01DE8645F000DD926 /* Make_RoutesUITests.swift in Sources */ = {isa = PBXBuildFile; fileRef = AF7F75BF1DE8645F000DD926 /* Make_RoutesUITests.swift */; };
		AF7F75CF1DE87581000DD926 /* CoreLocation.framework in Frameworks */ = {isa = PBXBuildFile; fileRef = AF7F75CE1DE87581000DD926 /* CoreLocation.framework */; };
		AF7F75D11DE87586000DD926 /* MapKit.framework in Frameworks */ = {isa = PBXBuildFile; fileRef = AF7F75D01DE87586000DD926 /* MapKit.framework */; };
		AF88E9C11E212BDD002D1801 /* Line.swift in Sources */ = {isa = PBXBuildFile; fileRef = AF88E9C01E212BDD002D1801 /* Line.swift */; };
		AF88E9C31E212BEE002D1801 /* Pin.swift in Sources */ = {isa = PBXBuildFile; fileRef = AF88E9C21E212BEE002D1801 /* Pin.swift */; };
		AFA9C86F1DF96929005A5877 /* SavedRoutesCollectionViewController.swift in Sources */ = {isa = PBXBuildFile; fileRef = AFA9C86E1DF96929005A5877 /* SavedRoutesCollectionViewController.swift */; };
		AFA9C8711DF96BC7005A5877 /* SingleRouteCollectionViewCell.swift in Sources */ = {isa = PBXBuildFile; fileRef = AFA9C8701DF96BC7005A5877 /* SingleRouteCollectionViewCell.swift */; };
		AFA9C8731DF973DD005A5877 /* SingleRouteViewController.swift in Sources */ = {isa = PBXBuildFile; fileRef = AFA9C8721DF973DD005A5877 /* SingleRouteViewController.swift */; };
		AFA9C8C01E02CCBB005A5877 /* Route.swift in Sources */ = {isa = PBXBuildFile; fileRef = AFA9C8BF1E02CCBB005A5877 /* Route.swift */; };
		AFD68F531E1FF182006786EF /* MoreTableViewController.swift in Sources */ = {isa = PBXBuildFile; fileRef = AFD68F521E1FF182006786EF /* MoreTableViewController.swift */; };
		AFD68F551E2007B7006786EF /* FeedbackViewController.swift in Sources */ = {isa = PBXBuildFile; fileRef = AFD68F541E2007B7006786EF /* FeedbackViewController.swift */; };
		AFFA45E01DF025C200F48925 /* MapViewController.swift in Sources */ = {isa = PBXBuildFile; fileRef = AFFA45DF1DF025C200F48925 /* MapViewController.swift */; };
/* End PBXBuildFile section */

/* Begin PBXContainerItemProxy section */
		AF7F75B11DE8645F000DD926 /* PBXContainerItemProxy */ = {
			isa = PBXContainerItemProxy;
			containerPortal = AF7F75921DE8645E000DD926 /* Project object */;
			proxyType = 1;
			remoteGlobalIDString = AF7F75991DE8645E000DD926;
			remoteInfo = "Make Routes";
		};
		AF7F75BC1DE8645F000DD926 /* PBXContainerItemProxy */ = {
			isa = PBXContainerItemProxy;
			containerPortal = AF7F75921DE8645E000DD926 /* Project object */;
			proxyType = 1;
			remoteGlobalIDString = AF7F75991DE8645E000DD926;
			remoteInfo = "Make Routes";
		};
/* End PBXContainerItemProxy section */

/* Begin PBXFileReference section */
		AF7F759A1DE8645E000DD926 /* Make Routes.app */ = {isa = PBXFileReference; explicitFileType = wrapper.application; includeInIndex = 0; path = "Make Routes.app"; sourceTree = BUILT_PRODUCTS_DIR; };
		AF7F759D1DE8645F000DD926 /* AppDelegate.swift */ = {isa = PBXFileReference; lastKnownFileType = sourcecode.swift; path = AppDelegate.swift; sourceTree = "<group>"; };
		AF7F75A41DE8645F000DD926 /* Base */ = {isa = PBXFileReference; lastKnownFileType = file.storyboard; name = Base; path = Base.lproj/Main.storyboard; sourceTree = "<group>"; };
		AF7F75A61DE8645F000DD926 /* Assets.xcassets */ = {isa = PBXFileReference; lastKnownFileType = folder.assetcatalog; path = Assets.xcassets; sourceTree = "<group>"; };
		AF7F75A91DE8645F000DD926 /* Base */ = {isa = PBXFileReference; lastKnownFileType = file.storyboard; name = Base; path = Base.lproj/LaunchScreen.storyboard; sourceTree = "<group>"; };
		AF7F75AB1DE8645F000DD926 /* Info.plist */ = {isa = PBXFileReference; lastKnownFileType = text.plist.xml; path = Info.plist; sourceTree = "<group>"; };
		AF7F75B01DE8645F000DD926 /* Make RoutesTests.xctest */ = {isa = PBXFileReference; explicitFileType = wrapper.cfbundle; includeInIndex = 0; path = "Make RoutesTests.xctest"; sourceTree = BUILT_PRODUCTS_DIR; };
		AF7F75B41DE8645F000DD926 /* Make_RoutesTests.swift */ = {isa = PBXFileReference; lastKnownFileType = sourcecode.swift; path = Make_RoutesTests.swift; sourceTree = "<group>"; };
		AF7F75B61DE8645F000DD926 /* Info.plist */ = {isa = PBXFileReference; lastKnownFileType = text.plist.xml; path = Info.plist; sourceTree = "<group>"; };
		AF7F75BB1DE8645F000DD926 /* Make RoutesUITests.xctest */ = {isa = PBXFileReference; explicitFileType = wrapper.cfbundle; includeInIndex = 0; path = "Make RoutesUITests.xctest"; sourceTree = BUILT_PRODUCTS_DIR; };
		AF7F75BF1DE8645F000DD926 /* Make_RoutesUITests.swift */ = {isa = PBXFileReference; lastKnownFileType = sourcecode.swift; path = Make_RoutesUITests.swift; sourceTree = "<group>"; };
		AF7F75C11DE8645F000DD926 /* Info.plist */ = {isa = PBXFileReference; lastKnownFileType = text.plist.xml; path = Info.plist; sourceTree = "<group>"; };
		AF7F75CE1DE87581000DD926 /* CoreLocation.framework */ = {isa = PBXFileReference; lastKnownFileType = wrapper.framework; name = CoreLocation.framework; path = System/Library/Frameworks/CoreLocation.framework; sourceTree = SDKROOT; };
		AF7F75D01DE87586000DD926 /* MapKit.framework */ = {isa = PBXFileReference; lastKnownFileType = wrapper.framework; name = MapKit.framework; path = System/Library/Frameworks/MapKit.framework; sourceTree = SDKROOT; };
		AF88E9C01E212BDD002D1801 /* Line.swift */ = {isa = PBXFileReference; fileEncoding = 4; lastKnownFileType = sourcecode.swift; path = Line.swift; sourceTree = "<group>"; };
		AF88E9C21E212BEE002D1801 /* Pin.swift */ = {isa = PBXFileReference; fileEncoding = 4; lastKnownFileType = sourcecode.swift; path = Pin.swift; sourceTree = "<group>"; };
		AFA9C86E1DF96929005A5877 /* SavedRoutesCollectionViewController.swift */ = {isa = PBXFileReference; fileEncoding = 4; lastKnownFileType = sourcecode.swift; path = SavedRoutesCollectionViewController.swift; sourceTree = "<group>"; };
		AFA9C8701DF96BC7005A5877 /* SingleRouteCollectionViewCell.swift */ = {isa = PBXFileReference; fileEncoding = 4; lastKnownFileType = sourcecode.swift; path = SingleRouteCollectionViewCell.swift; sourceTree = "<group>"; };
		AFA9C8721DF973DD005A5877 /* SingleRouteViewController.swift */ = {isa = PBXFileReference; fileEncoding = 4; lastKnownFileType = sourcecode.swift; path = SingleRouteViewController.swift; sourceTree = "<group>"; };
		AFA9C8BF1E02CCBB005A5877 /* Route.swift */ = {isa = PBXFileReference; fileEncoding = 4; lastKnownFileType = sourcecode.swift; path = Route.swift; sourceTree = "<group>"; };
		AFD68F521E1FF182006786EF /* MoreTableViewController.swift */ = {isa = PBXFileReference; fileEncoding = 4; lastKnownFileType = sourcecode.swift; path = MoreTableViewController.swift; sourceTree = "<group>"; };
		AFD68F541E2007B7006786EF /* FeedbackViewController.swift */ = {isa = PBXFileReference; fileEncoding = 4; lastKnownFileType = sourcecode.swift; path = FeedbackViewController.swift; sourceTree = "<group>"; };
		AFFA45DF1DF025C200F48925 /* MapViewController.swift */ = {isa = PBXFileReference; fileEncoding = 4; lastKnownFileType = sourcecode.swift; path = MapViewController.swift; sourceTree = "<group>"; };
/* End PBXFileReference section */

/* Begin PBXFrameworksBuildPhase section */
		AF7F75971DE8645E000DD926 /* Frameworks */ = {
			isa = PBXFrameworksBuildPhase;
			buildActionMask = 2147483647;
			files = (
				AF7F75D11DE87586000DD926 /* MapKit.framework in Frameworks */,
				AF7F75CF1DE87581000DD926 /* CoreLocation.framework in Frameworks */,
			);
			runOnlyForDeploymentPostprocessing = 0;
		};
		AF7F75AD1DE8645F000DD926 /* Frameworks */ = {
			isa = PBXFrameworksBuildPhase;
			buildActionMask = 2147483647;
			files = (
			);
			runOnlyForDeploymentPostprocessing = 0;
		};
		AF7F75B81DE8645F000DD926 /* Frameworks */ = {
			isa = PBXFrameworksBuildPhase;
			buildActionMask = 2147483647;
			files = (
			);
			runOnlyForDeploymentPostprocessing = 0;
		};
/* End PBXFrameworksBuildPhase section */

/* Begin PBXGroup section */
		AF7F75911DE8645E000DD926 = {
			isa = PBXGroup;
			children = (
				AF7F759C1DE8645E000DD926 /* Make Routes */,
				AF7F75B31DE8645F000DD926 /* Make RoutesTests */,
				AF7F75BE1DE8645F000DD926 /* Make RoutesUITests */,
				AF7F759B1DE8645E000DD926 /* Products */,
				AF7F75CD1DE87581000DD926 /* Frameworks */,
			);
			sourceTree = "<group>";
		};
		AF7F759B1DE8645E000DD926 /* Products */ = {
			isa = PBXGroup;
			children = (
				AF7F759A1DE8645E000DD926 /* Make Routes.app */,
				AF7F75B01DE8645F000DD926 /* Make RoutesTests.xctest */,
				AF7F75BB1DE8645F000DD926 /* Make RoutesUITests.xctest */,
			);
			name = Products;
			sourceTree = "<group>";
		};
		AF7F759C1DE8645E000DD926 /* Make Routes */ = {
			isa = PBXGroup;
			children = (
				AF7F759D1DE8645F000DD926 /* AppDelegate.swift */,
				AF7F75A31DE8645F000DD926 /* Main.storyboard */,
				AFD68F541E2007B7006786EF /* FeedbackViewController.swift */,
				AFD68F521E1FF182006786EF /* MoreTableViewController.swift */,
				AF7F75A61DE8645F000DD926 /* Assets.xcassets */,
				AF7F75A81DE8645F000DD926 /* LaunchScreen.storyboard */,
				AF7F75AB1DE8645F000DD926 /* Info.plist */,
				AFFA45DF1DF025C200F48925 /* MapViewController.swift */,
				AFA9C86E1DF96929005A5877 /* SavedRoutesCollectionViewController.swift */,
				AFA9C8701DF96BC7005A5877 /* SingleRouteCollectionViewCell.swift */,
				AFA9C8721DF973DD005A5877 /* SingleRouteViewController.swift */,
				AFA9C8BF1E02CCBB005A5877 /* Route.swift */,
				AF88E9C01E212BDD002D1801 /* Line.swift */,
				AF88E9C21E212BEE002D1801 /* Pin.swift */,
			);
			path = "Make Routes";
			sourceTree = "<group>";
		};
		AF7F75B31DE8645F000DD926 /* Make RoutesTests */ = {
			isa = PBXGroup;
			children = (
				AF7F75B41DE8645F000DD926 /* Make_RoutesTests.swift */,
				AF7F75B61DE8645F000DD926 /* Info.plist */,
			);
			path = "Make RoutesTests";
			sourceTree = "<group>";
		};
		AF7F75BE1DE8645F000DD926 /* Make RoutesUITests */ = {
			isa = PBXGroup;
			children = (
				AF7F75BF1DE8645F000DD926 /* Make_RoutesUITests.swift */,
				AF7F75C11DE8645F000DD926 /* Info.plist */,
			);
			path = "Make RoutesUITests";
			sourceTree = "<group>";
		};
		AF7F75CD1DE87581000DD926 /* Frameworks */ = {
			isa = PBXGroup;
			children = (
				AF7F75D01DE87586000DD926 /* MapKit.framework */,
				AF7F75CE1DE87581000DD926 /* CoreLocation.framework */,
			);
			name = Frameworks;
			sourceTree = "<group>";
		};
/* End PBXGroup section */

/* Begin PBXNativeTarget section */
		AF7F75991DE8645E000DD926 /* Make Routes */ = {
			isa = PBXNativeTarget;
			buildConfigurationList = AF7F75C41DE8645F000DD926 /* Build configuration list for PBXNativeTarget "Make Routes" */;
			buildPhases = (
				AF7F75961DE8645E000DD926 /* Sources */,
				AF7F75971DE8645E000DD926 /* Frameworks */,
				AF7F75981DE8645E000DD926 /* Resources */,
			);
			buildRules = (
			);
			dependencies = (
			);
			name = "Make Routes";
			productName = "Make Routes";
			productReference = AF7F759A1DE8645E000DD926 /* Make Routes.app */;
			productType = "com.apple.product-type.application";
		};
		AF7F75AF1DE8645F000DD926 /* Make RoutesTests */ = {
			isa = PBXNativeTarget;
			buildConfigurationList = AF7F75C71DE8645F000DD926 /* Build configuration list for PBXNativeTarget "Make RoutesTests" */;
			buildPhases = (
				AF7F75AC1DE8645F000DD926 /* Sources */,
				AF7F75AD1DE8645F000DD926 /* Frameworks */,
				AF7F75AE1DE8645F000DD926 /* Resources */,
			);
			buildRules = (
			);
			dependencies = (
				AF7F75B21DE8645F000DD926 /* PBXTargetDependency */,
			);
			name = "Make RoutesTests";
			productName = "Make RoutesTests";
			productReference = AF7F75B01DE8645F000DD926 /* Make RoutesTests.xctest */;
			productType = "com.apple.product-type.bundle.unit-test";
		};
		AF7F75BA1DE8645F000DD926 /* Make RoutesUITests */ = {
			isa = PBXNativeTarget;
			buildConfigurationList = AF7F75CA1DE8645F000DD926 /* Build configuration list for PBXNativeTarget "Make RoutesUITests" */;
			buildPhases = (
				AF7F75B71DE8645F000DD926 /* Sources */,
				AF7F75B81DE8645F000DD926 /* Frameworks */,
				AF7F75B91DE8645F000DD926 /* Resources */,
			);
			buildRules = (
			);
			dependencies = (
				AF7F75BD1DE8645F000DD926 /* PBXTargetDependency */,
			);
			name = "Make RoutesUITests";
			productName = "Make RoutesUITests";
			productReference = AF7F75BB1DE8645F000DD926 /* Make RoutesUITests.xctest */;
			productType = "com.apple.product-type.bundle.ui-testing";
		};
/* End PBXNativeTarget section */

/* Begin PBXProject section */
		AF7F75921DE8645E000DD926 /* Project object */ = {
			isa = PBXProject;
			attributes = {
				LastSwiftUpdateCheck = 0810;
				LastUpgradeCheck = 0810;
				ORGANIZATIONNAME = "Casper Schobers";
				TargetAttributes = {
					AF7F75991DE8645E000DD926 = {
						CreatedOnToolsVersion = 8.1;
						DevelopmentTeam = 5966C2APME;
						ProvisioningStyle = Automatic;
					};
					AF7F75AF1DE8645F000DD926 = {
						CreatedOnToolsVersion = 8.1;
						DevelopmentTeam = 5966C2APME;
						ProvisioningStyle = Automatic;
						TestTargetID = AF7F75991DE8645E000DD926;
					};
					AF7F75BA1DE8645F000DD926 = {
						CreatedOnToolsVersion = 8.1;
						DevelopmentTeam = 5966C2APME;
						ProvisioningStyle = Automatic;
						TestTargetID = AF7F75991DE8645E000DD926;
					};
				};
			};
			buildConfigurationList = AF7F75951DE8645E000DD926 /* Build configuration list for PBXProject "Make Routes" */;
			compatibilityVersion = "Xcode 3.2";
			developmentRegion = English;
			hasScannedForEncodings = 0;
			knownRegions = (
				en,
				Base,
			);
			mainGroup = AF7F75911DE8645E000DD926;
			productRefGroup = AF7F759B1DE8645E000DD926 /* Products */;
			projectDirPath = "";
			projectRoot = "";
			targets = (
				AF7F75991DE8645E000DD926 /* Make Routes */,
				AF7F75AF1DE8645F000DD926 /* Make RoutesTests */,
				AF7F75BA1DE8645F000DD926 /* Make RoutesUITests */,
			);
		};
/* End PBXProject section */

/* Begin PBXResourcesBuildPhase section */
		AF7F75981DE8645E000DD926 /* Resources */ = {
			isa = PBXResourcesBuildPhase;
			buildActionMask = 2147483647;
			files = (
				AF7F75AA1DE8645F000DD926 /* LaunchScreen.storyboard in Resources */,
				AF7F75A71DE8645F000DD926 /* Assets.xcassets in Resources */,
				AF7F75A51DE8645F000DD926 /* Main.storyboard in Resources */,
			);
			runOnlyForDeploymentPostprocessing = 0;
		};
		AF7F75AE1DE8645F000DD926 /* Resources */ = {
			isa = PBXResourcesBuildPhase;
			buildActionMask = 2147483647;
			files = (
			);
			runOnlyForDeploymentPostprocessing = 0;
		};
		AF7F75B91DE8645F000DD926 /* Resources */ = {
			isa = PBXResourcesBuildPhase;
			buildActionMask = 2147483647;
			files = (
			);
			runOnlyForDeploymentPostprocessing = 0;
		};
/* End PBXResourcesBuildPhase section */

/* Begin PBXSourcesBuildPhase section */
		AF7F75961DE8645E000DD926 /* Sources */ = {
			isa = PBXSourcesBuildPhase;
			buildActionMask = 2147483647;
			files = (
				AFD68F531E1FF182006786EF /* MoreTableViewController.swift in Sources */,
				AF7F759E1DE8645F000DD926 /* AppDelegate.swift in Sources */,
				AFD68F551E2007B7006786EF /* FeedbackViewController.swift in Sources */,
				AFA9C8731DF973DD005A5877 /* SingleRouteViewController.swift in Sources */,
				AFA9C8711DF96BC7005A5877 /* SingleRouteCollectionViewCell.swift in Sources */,
				AF88E9C31E212BEE002D1801 /* Pin.swift in Sources */,
				AFA9C8C01E02CCBB005A5877 /* Route.swift in Sources */,
				AF88E9C11E212BDD002D1801 /* Line.swift in Sources */,
				AFA9C86F1DF96929005A5877 /* SavedRoutesCollectionViewController.swift in Sources */,
				AFFA45E01DF025C200F48925 /* MapViewController.swift in Sources */,
			);
			runOnlyForDeploymentPostprocessing = 0;
		};
		AF7F75AC1DE8645F000DD926 /* Sources */ = {
			isa = PBXSourcesBuildPhase;
			buildActionMask = 2147483647;
			files = (
				AF7F75B51DE8645F000DD926 /* Make_RoutesTests.swift in Sources */,
			);
			runOnlyForDeploymentPostprocessing = 0;
		};
		AF7F75B71DE8645F000DD926 /* Sources */ = {
			isa = PBXSourcesBuildPhase;
			buildActionMask = 2147483647;
			files = (
				AF7F75C01DE8645F000DD926 /* Make_RoutesUITests.swift in Sources */,
			);
			runOnlyForDeploymentPostprocessing = 0;
		};
/* End PBXSourcesBuildPhase section */

/* Begin PBXTargetDependency section */
		AF7F75B21DE8645F000DD926 /* PBXTargetDependency */ = {
			isa = PBXTargetDependency;
			target = AF7F75991DE8645E000DD926 /* Make Routes */;
			targetProxy = AF7F75B11DE8645F000DD926 /* PBXContainerItemProxy */;
		};
		AF7F75BD1DE8645F000DD926 /* PBXTargetDependency */ = {
			isa = PBXTargetDependency;
			target = AF7F75991DE8645E000DD926 /* Make Routes */;
			targetProxy = AF7F75BC1DE8645F000DD926 /* PBXContainerItemProxy */;
		};
/* End PBXTargetDependency section */

/* Begin PBXVariantGroup section */
		AF7F75A31DE8645F000DD926 /* Main.storyboard */ = {
			isa = PBXVariantGroup;
			children = (
				AF7F75A41DE8645F000DD926 /* Base */,
			);
			name = Main.storyboard;
			sourceTree = "<group>";
		};
		AF7F75A81DE8645F000DD926 /* LaunchScreen.storyboard */ = {
			isa = PBXVariantGroup;
			children = (
				AF7F75A91DE8645F000DD926 /* Base */,
			);
			name = LaunchScreen.storyboard;
			sourceTree = "<group>";
		};
/* End PBXVariantGroup section */

/* Begin XCBuildConfiguration section */
		AF7F75C21DE8645F000DD926 /* Debug */ = {
			isa = XCBuildConfiguration;
			buildSettings = {
				ALWAYS_SEARCH_USER_PATHS = NO;
				CLANG_ANALYZER_NONNULL = YES;
				CLANG_CXX_LANGUAGE_STANDARD = "gnu++0x";
				CLANG_CXX_LIBRARY = "libc++";
				CLANG_ENABLE_MODULES = YES;
				CLANG_ENABLE_OBJC_ARC = YES;
				CLANG_WARN_BOOL_CONVERSION = YES;
				CLANG_WARN_CONSTANT_CONVERSION = YES;
				CLANG_WARN_DIRECT_OBJC_ISA_USAGE = YES_ERROR;
				CLANG_WARN_DOCUMENTATION_COMMENTS = YES;
				CLANG_WARN_EMPTY_BODY = YES;
				CLANG_WARN_ENUM_CONVERSION = YES;
				CLANG_WARN_INFINITE_RECURSION = YES;
				CLANG_WARN_INT_CONVERSION = YES;
				CLANG_WARN_OBJC_ROOT_CLASS = YES_ERROR;
				CLANG_WARN_SUSPICIOUS_MOVES = YES;
				CLANG_WARN_UNREACHABLE_CODE = YES;
				CLANG_WARN__DUPLICATE_METHOD_MATCH = YES;
				"CODE_SIGN_IDENTITY[sdk=iphoneos*]" = "iPhone Developer";
				COPY_PHASE_STRIP = NO;
				DEBUG_INFORMATION_FORMAT = dwarf;
				ENABLE_STRICT_OBJC_MSGSEND = YES;
				ENABLE_TESTABILITY = YES;
				GCC_C_LANGUAGE_STANDARD = gnu99;
				GCC_DYNAMIC_NO_PIC = NO;
				GCC_NO_COMMON_BLOCKS = YES;
				GCC_OPTIMIZATION_LEVEL = 0;
				GCC_PREPROCESSOR_DEFINITIONS = (
					"DEBUG=1",
					"$(inherited)",
				);
				GCC_WARN_64_TO_32_BIT_CONVERSION = YES;
				GCC_WARN_ABOUT_RETURN_TYPE = YES_ERROR;
				GCC_WARN_UNDECLARED_SELECTOR = YES;
				GCC_WARN_UNINITIALIZED_AUTOS = YES_AGGRESSIVE;
				GCC_WARN_UNUSED_FUNCTION = YES;
				GCC_WARN_UNUSED_VARIABLE = YES;
				IPHONEOS_DEPLOYMENT_TARGET = 10.1;
				MTL_ENABLE_DEBUG_INFO = YES;
				ONLY_ACTIVE_ARCH = YES;
				SDKROOT = iphoneos;
				SWIFT_ACTIVE_COMPILATION_CONDITIONS = DEBUG;
				SWIFT_OPTIMIZATION_LEVEL = "-Onone";
				TARGETED_DEVICE_FAMILY = "1,2";
			};
			name = Debug;
		};
		AF7F75C31DE8645F000DD926 /* Release */ = {
			isa = XCBuildConfiguration;
			buildSettings = {
				ALWAYS_SEARCH_USER_PATHS = NO;
				CLANG_ANALYZER_NONNULL = YES;
				CLANG_CXX_LANGUAGE_STANDARD = "gnu++0x";
				CLANG_CXX_LIBRARY = "libc++";
				CLANG_ENABLE_MODULES = YES;
				CLANG_ENABLE_OBJC_ARC = YES;
				CLANG_WARN_BOOL_CONVERSION = YES;
				CLANG_WARN_CONSTANT_CONVERSION = YES;
				CLANG_WARN_DIRECT_OBJC_ISA_USAGE = YES_ERROR;
				CLANG_WARN_DOCUMENTATION_COMMENTS = YES;
				CLANG_WARN_EMPTY_BODY = YES;
				CLANG_WARN_ENUM_CONVERSION = YES;
				CLANG_WARN_INFINITE_RECURSION = YES;
				CLANG_WARN_INT_CONVERSION = YES;
				CLANG_WARN_OBJC_ROOT_CLASS = YES_ERROR;
				CLANG_WARN_SUSPICIOUS_MOVES = YES;
				CLANG_WARN_UNREACHABLE_CODE = YES;
				CLANG_WARN__DUPLICATE_METHOD_MATCH = YES;
				"CODE_SIGN_IDENTITY[sdk=iphoneos*]" = "iPhone Developer";
				COPY_PHASE_STRIP = NO;
				DEBUG_INFORMATION_FORMAT = "dwarf-with-dsym";
				ENABLE_NS_ASSERTIONS = NO;
				ENABLE_STRICT_OBJC_MSGSEND = YES;
				GCC_C_LANGUAGE_STANDARD = gnu99;
				GCC_NO_COMMON_BLOCKS = YES;
				GCC_WARN_64_TO_32_BIT_CONVERSION = YES;
				GCC_WARN_ABOUT_RETURN_TYPE = YES_ERROR;
				GCC_WARN_UNDECLARED_SELECTOR = YES;
				GCC_WARN_UNINITIALIZED_AUTOS = YES_AGGRESSIVE;
				GCC_WARN_UNUSED_FUNCTION = YES;
				GCC_WARN_UNUSED_VARIABLE = YES;
				IPHONEOS_DEPLOYMENT_TARGET = 10.1;
				MTL_ENABLE_DEBUG_INFO = NO;
				SDKROOT = iphoneos;
				SWIFT_OPTIMIZATION_LEVEL = "-Owholemodule";
				TARGETED_DEVICE_FAMILY = "1,2";
				VALIDATE_PRODUCT = YES;
			};
			name = Release;
		};
		AF7F75C51DE8645F000DD926 /* Debug */ = {
			isa = XCBuildConfiguration;
			buildSettings = {
				ASSETCATALOG_COMPILER_APPICON_NAME = AppIcon;
				DEVELOPMENT_TEAM = 5966C2APME;
				INFOPLIST_FILE = "Make Routes/Info.plist";
				LD_RUNPATH_SEARCH_PATHS = "$(inherited) @executable_path/Frameworks";
				PRODUCT_BUNDLE_IDENTIFIER = "nl.casperschobers.Make-Routes";
				PRODUCT_NAME = "$(TARGET_NAME)";
				SWIFT_VERSION = 3.0;
			};
			name = Debug;
		};
		AF7F75C61DE8645F000DD926 /* Release */ = {
			isa = XCBuildConfiguration;
			buildSettings = {
				ASSETCATALOG_COMPILER_APPICON_NAME = AppIcon;
				DEVELOPMENT_TEAM = 5966C2APME;
				INFOPLIST_FILE = "Make Routes/Info.plist";
				LD_RUNPATH_SEARCH_PATHS = "$(inherited) @executable_path/Frameworks";
				PRODUCT_BUNDLE_IDENTIFIER = "nl.casperschobers.Make-Routes";
				PRODUCT_NAME = "$(TARGET_NAME)";
				SWIFT_VERSION = 3.0;
			};
			name = Release;
		};
		AF7F75C81DE8645F000DD926 /* Debug */ = {
			isa = XCBuildConfiguration;
			buildSettings = {
				ALWAYS_EMBED_SWIFT_STANDARD_LIBRARIES = YES;
				BUNDLE_LOADER = "$(TEST_HOST)";
				DEVELOPMENT_TEAM = 5966C2APME;
				INFOPLIST_FILE = "Make RoutesTests/Info.plist";
				LD_RUNPATH_SEARCH_PATHS = "$(inherited) @executable_path/Frameworks @loader_path/Frameworks";
				PRODUCT_BUNDLE_IDENTIFIER = "nl.casperschobers.Make-RoutesTests";
				PRODUCT_NAME = "$(TARGET_NAME)";
				SWIFT_VERSION = 3.0;
				TEST_HOST = "$(BUILT_PRODUCTS_DIR)/Make Routes.app/Make Routes";
			};
			name = Debug;
		};
		AF7F75C91DE8645F000DD926 /* Release */ = {
			isa = XCBuildConfiguration;
			buildSettings = {
				ALWAYS_EMBED_SWIFT_STANDARD_LIBRARIES = YES;
				BUNDLE_LOADER = "$(TEST_HOST)";
				DEVELOPMENT_TEAM = 5966C2APME;
				INFOPLIST_FILE = "Make RoutesTests/Info.plist";
				LD_RUNPATH_SEARCH_PATHS = "$(inherited) @executable_path/Frameworks @loader_path/Frameworks";
				PRODUCT_BUNDLE_IDENTIFIER = "nl.casperschobers.Make-RoutesTests";
				PRODUCT_NAME = "$(TARGET_NAME)";
				SWIFT_VERSION = 3.0;
				TEST_HOST = "$(BUILT_PRODUCTS_DIR)/Make Routes.app/Make Routes";
			};
			name = Release;
		};
		AF7F75CB1DE8645F000DD926 /* Debug */ = {
			isa = XCBuildConfiguration;
			buildSettings = {
				ALWAYS_EMBED_SWIFT_STANDARD_LIBRARIES = YES;
				DEVELOPMENT_TEAM = 5966C2APME;
				INFOPLIST_FILE = "Make RoutesUITests/Info.plist";
				LD_RUNPATH_SEARCH_PATHS = "$(inherited) @executable_path/Frameworks @loader_path/Frameworks";
				PRODUCT_BUNDLE_IDENTIFIER = "nl.casperschobers.Make-RoutesUITests";
				PRODUCT_NAME = "$(TARGET_NAME)";
				SWIFT_VERSION = 3.0;
				TEST_TARGET_NAME = "Make Routes";
			};
			name = Debug;
		};
		AF7F75CC1DE8645F000DD926 /* Release */ = {
			isa = XCBuildConfiguration;
			buildSettings = {
				ALWAYS_EMBED_SWIFT_STANDARD_LIBRARIES = YES;
				DEVELOPMENT_TEAM = 5966C2APME;
				INFOPLIST_FILE = "Make RoutesUITests/Info.plist";
				LD_RUNPATH_SEARCH_PATHS = "$(inherited) @executable_path/Frameworks @loader_path/Frameworks";
				PRODUCT_BUNDLE_IDENTIFIER = "nl.casperschobers.Make-RoutesUITests";
				PRODUCT_NAME = "$(TARGET_NAME)";
				SWIFT_VERSION = 3.0;
				TEST_TARGET_NAME = "Make Routes";
			};
			name = Release;
		};
/* End XCBuildConfiguration section */

/* Begin XCConfigurationList section */
		AF7F75951DE8645E000DD926 /* Build configuration list for PBXProject "Make Routes" */ = {
			isa = XCConfigurationList;
			buildConfigurations = (
				AF7F75C21DE8645F000DD926 /* Debug */,
				AF7F75C31DE8645F000DD926 /* Release */,
			);
			defaultConfigurationIsVisible = 0;
			defaultConfigurationName = Release;
		};
		AF7F75C41DE8645F000DD926 /* Build configuration list for PBXNativeTarget "Make Routes" */ = {
			isa = XCConfigurationList;
			buildConfigurations = (
				AF7F75C51DE8645F000DD926 /* Debug */,
				AF7F75C61DE8645F000DD926 /* Release */,
			);
			defaultConfigurationIsVisible = 0;
			defaultConfigurationName = Release;
		};
		AF7F75C71DE8645F000DD926 /* Build configuration list for PBXNativeTarget "Make RoutesTests" */ = {
			isa = XCConfigurationList;
			buildConfigurations = (
				AF7F75C81DE8645F000DD926 /* Debug */,
				AF7F75C91DE8645F000DD926 /* Release */,
			);
			defaultConfigurationIsVisible = 0;
			defaultConfigurationName = Release;
		};
		AF7F75CA1DE8645F000DD926 /* Build configuration list for PBXNativeTarget "Make RoutesUITests" */ = {
			isa = XCConfigurationList;
			buildConfigurations = (
				AF7F75CB1DE8645F000DD926 /* Debug */,
				AF7F75CC1DE8645F000DD926 /* Release */,
			);
			defaultConfigurationIsVisible = 0;
			defaultConfigurationName = Release;
		};
/* End XCConfigurationList section */
	};
	rootObject = AF7F75921DE8645E000DD926 /* Project object */;
}
